
Microsoft Visual Studio Solution File, Format Version 12.00
# Visual Studio Version 17
VisualStudioVersion = 17.6.33829.357
MinimumVisualStudioVersion = 10.0.40219.1
Project("{9A19103F-16F7-4668-BE54-9A1E7A4F7556}") = "Eticaret.Api", "Eticaret.Api\Eticaret.Api.csproj", "{FBBF1B18-65DD-46F1-9C97-157E86F84F46}"
EndProject
Project("{9A19103F-16F7-4668-BE54-9A1E7A4F7556}") = "Eticaret.Model", "Eticaret.Model\Eticaret.Model.csproj", "{4883FF28-3794-4EAF-A6A2-F32D9D830375}"
EndProject
Project("{FAE04EC0-301F-11D3-BF4B-00C04F79EFBC}") = "Eticaret.Repository", "Eticaret.Repository\Eticaret.Repository.csproj", "{396ACC79-8154-4713-B7EF-2403F04C9D87}"
EndProject
Global
	GlobalSection(SolutionConfigurationPlatforms) = preSolution
		Debug|Any CPU = Debug|Any CPU
		Release|Any CPU = Release|Any CPU
	EndGlobalSection
	GlobalSection(ProjectConfigurationPlatforms) = postSolution
		{FBBF1B18-65DD-46F1-9C97-157E86F84F46}.Debug|Any CPU.ActiveCfg = Debug|Any CPU
		{FBBF1B18-65DD-46F1-9C97-157E86F84F46}.Debug|Any CPU.Build.0 = Debug|Any CPU
		{FBBF1B18-65DD-46F1-9C97-157E86F84F46}.Release|Any CPU.ActiveCfg = Release|Any CPU
		{FBBF1B18-65DD-46F1-9C97-157E86F84F46}.Release|Any CPU.Build.0 = Release|Any CPU
		{4883FF28-3794-4EAF-A6A2-F32D9D830375}.Debug|Any CPU.ActiveCfg = Debug|Any CPU
		{4883FF28-3794-4EAF-A6A2-F32D9D830375}.Debug|Any CPU.Build.0 = Debug|Any CPU
		{4883FF28-3794-4EAF-A6A2-F32D9D830375}.Release|Any CPU.ActiveCfg = Release|Any CPU
		{4883FF28-3794-4EAF-A6A2-F32D9D830375}.Release|Any CPU.Build.0 = Release|Any CPU
		{396ACC79-8154-4713-B7EF-2403F04C9D87}.Debug|Any CPU.ActiveCfg = Debug|Any CPU
		{396ACC79-8154-4713-B7EF-2403F04C9D87}.Debug|Any CPU.Build.0 = Debug|Any CPU
		{396ACC79-8154-4713-B7EF-2403F04C9D87}.Release|Any CPU.ActiveCfg = Release|Any CPU
		{396ACC79-8154-4713-B7EF-2403F04C9D87}.Release|Any CPU.Build.0 = Release|Any CPU
	EndGlobalSection
	GlobalSection(SolutionProperties) = preSolution
		HideSolutionNode = FALSE
	EndGlobalSection
	GlobalSection(ExtensibilityGlobals) = postSolution
		SolutionGuid = {086014A1-1B0E-4458-9A4A-D072C78C45BD}
	EndGlobalSection
EndGlobal
